// !$*UTF8*$!
{
	archiveVersion = 1;
	classes = {
	};
	objectVersion = 60;
	objects = {

/* Begin PBXBuildFile section */
		2CAC03432C2FE59A00CC47C6 /* TemperatureData.swift in Sources */ = {isa = PBXBuildFile; fileRef = 2CAC03422C2FE59A00CC47C6 /* TemperatureData.swift */; };
		2CAC03472C2FE7FA00CC47C6 /* WeatherManager.swift in Sources */ = {isa = PBXBuildFile; fileRef = 2CAC03462C2FE7FA00CC47C6 /* WeatherManager.swift */; };
		A59CE1392C2FFD6B00038D84 /* DayInfo.swift in Sources */ = {isa = PBXBuildFile; fileRef = A59CE1382C2FFD6B00038D84 /* DayInfo.swift */; };
		A59CE13B2C2FFE5200038D84 /* SwiftDataManager.swift in Sources */ = {isa = PBXBuildFile; fileRef = A59CE13A2C2FFE5200038D84 /* SwiftDataManager.swift */; };
		A9067B8D2C2FA80F00D13CA9 /* SaveEarthApp.swift in Sources */ = {isa = PBXBuildFile; fileRef = A9067B8C2C2FA80F00D13CA9 /* SaveEarthApp.swift */; };
		A9067B8F2C2FA80F00D13CA9 /* ContentView.swift in Sources */ = {isa = PBXBuildFile; fileRef = A9067B8E2C2FA80F00D13CA9 /* ContentView.swift */; };
		A9067B932C2FA81100D13CA9 /* Assets.xcassets in Resources */ = {isa = PBXBuildFile; fileRef = A9067B922C2FA81100D13CA9 /* Assets.xcassets */; };
		A9067B962C2FA81100D13CA9 /* Preview Assets.xcassets in Resources */ = {isa = PBXBuildFile; fileRef = A9067B952C2FA81100D13CA9 /* Preview Assets.xcassets */; };
		A9067BA02C2FA81100D13CA9 /* SaveEarthTests.swift in Sources */ = {isa = PBXBuildFile; fileRef = A9067B9F2C2FA81100D13CA9 /* SaveEarthTests.swift */; };
		A9067BAA2C2FA81100D13CA9 /* SaveEarthUITests.swift in Sources */ = {isa = PBXBuildFile; fileRef = A9067BA92C2FA81100D13CA9 /* SaveEarthUITests.swift */; };
		A9067BAC2C2FA81100D13CA9 /* SaveEarthUITestsLaunchTests.swift in Sources */ = {isa = PBXBuildFile; fileRef = A9067BAB2C2FA81100D13CA9 /* SaveEarthUITestsLaunchTests.swift */; };
		A9067BCA2C2FEA8700D13CA9 /* TemperatureGradient.swift in Sources */ = {isa = PBXBuildFile; fileRef = A9067BC92C2FEA8700D13CA9 /* TemperatureGradient.swift */; };
		DA5A5EDD2C2FBB4D00955A9A /* MapView.swift in Sources */ = {isa = PBXBuildFile; fileRef = DA5A5EDC2C2FBB4D00955A9A /* MapView.swift */; };
		DA5A5EDF2C2FBC2500955A9A /* ChartView.swift in Sources */ = {isa = PBXBuildFile; fileRef = DA5A5EDE2C2FBC2500955A9A /* ChartView.swift */; };
		DA5A8DE72C2FCCCD00019D61 /* PolarMapProjection.swift in Sources */ = {isa = PBXBuildFile; fileRef = DA5A8DE62C2FCCCD00019D61 /* PolarMapProjection.swift */; };
		DA5A8DE92C2FCD1300019D61 /* DataPoint.swift in Sources */ = {isa = PBXBuildFile; fileRef = DA5A8DE82C2FCD1300019D61 /* DataPoint.swift */; };
		DAD0E06B2C2FF3AC0022466D /* QuestModalView.swift in Sources */ = {isa = PBXBuildFile; fileRef = DAD0E0682C2FF3AC0022466D /* QuestModalView.swift */; };
		DAD0E06C2C2FF3AC0022466D /* QuestView.swift in Sources */ = {isa = PBXBuildFile; fileRef = DAD0E0692C2FF3AC0022466D /* QuestView.swift */; };
		DAD0E06F2C2FF4340022466D /* QuestFloatingButton.swift in Sources */ = {isa = PBXBuildFile; fileRef = DAD0E06D2C2FF4340022466D /* QuestFloatingButton.swift */; };
		DAD0E0722C2FF8C90022466D /* ButtonAppearingTransition.swift in Sources */ = {isa = PBXBuildFile; fileRef = DAD0E0712C2FF8C90022466D /* ButtonAppearingTransition.swift */; };
		DAD0E0742C2FFB2C0022466D /* CompleteQuestView.swift in Sources */ = {isa = PBXBuildFile; fileRef = DAD0E0732C2FFB2C0022466D /* CompleteQuestView.swift */; };
		DAD0E0762C2FFB6A0022466D /* CompleteRotatingTransition.swift in Sources */ = {isa = PBXBuildFile; fileRef = DAD0E0752C2FFB6A0022466D /* CompleteRotatingTransition.swift */; };
/* End PBXBuildFile section */

/* Begin PBXContainerItemProxy section */
		A9067B9C2C2FA81100D13CA9 /* PBXContainerItemProxy */ = {
			isa = PBXContainerItemProxy;
			containerPortal = A9067B812C2FA80F00D13CA9 /* Project object */;
			proxyType = 1;
			remoteGlobalIDString = A9067B882C2FA80F00D13CA9;
			remoteInfo = SaveEarth;
		};
		A9067BA62C2FA81100D13CA9 /* PBXContainerItemProxy */ = {
			isa = PBXContainerItemProxy;
			containerPortal = A9067B812C2FA80F00D13CA9 /* Project object */;
			proxyType = 1;
			remoteGlobalIDString = A9067B882C2FA80F00D13CA9;
			remoteInfo = SaveEarth;
		};
/* End PBXContainerItemProxy section */

/* Begin PBXFileReference section */
		2CAC03402C2FC12600CC47C6 /* AppLocation.swift */ = {isa = PBXFileReference; lastKnownFileType = sourcecode.swift; path = AppLocation.swift; sourceTree = "<group>"; };
		2CAC03422C2FE59A00CC47C6 /* TemperatureData.swift */ = {isa = PBXFileReference; lastKnownFileType = sourcecode.swift; path = TemperatureData.swift; sourceTree = "<group>"; };
		2CAC03462C2FE7FA00CC47C6 /* WeatherManager.swift */ = {isa = PBXFileReference; lastKnownFileType = sourcecode.swift; path = WeatherManager.swift; sourceTree = "<group>"; };
		A59CE1382C2FFD6B00038D84 /* DayInfo.swift */ = {isa = PBXFileReference; lastKnownFileType = sourcecode.swift; path = DayInfo.swift; sourceTree = "<group>"; };
		A59CE13A2C2FFE5200038D84 /* SwiftDataManager.swift */ = {isa = PBXFileReference; lastKnownFileType = sourcecode.swift; path = SwiftDataManager.swift; sourceTree = "<group>"; };
		A9067B892C2FA80F00D13CA9 /* SaveEarth.app */ = {isa = PBXFileReference; explicitFileType = wrapper.application; includeInIndex = 0; path = SaveEarth.app; sourceTree = BUILT_PRODUCTS_DIR; };
		A9067B8C2C2FA80F00D13CA9 /* SaveEarthApp.swift */ = {isa = PBXFileReference; lastKnownFileType = sourcecode.swift; path = SaveEarthApp.swift; sourceTree = "<group>"; };
		A9067B8E2C2FA80F00D13CA9 /* ContentView.swift */ = {isa = PBXFileReference; lastKnownFileType = sourcecode.swift; path = ContentView.swift; sourceTree = "<group>"; };
		A9067B922C2FA81100D13CA9 /* Assets.xcassets */ = {isa = PBXFileReference; lastKnownFileType = folder.assetcatalog; path = Assets.xcassets; sourceTree = "<group>"; };
		A9067B952C2FA81100D13CA9 /* Preview Assets.xcassets */ = {isa = PBXFileReference; lastKnownFileType = folder.assetcatalog; path = "Preview Assets.xcassets"; sourceTree = "<group>"; };
		A9067B9B2C2FA81100D13CA9 /* SaveEarthTests.xctest */ = {isa = PBXFileReference; explicitFileType = wrapper.cfbundle; includeInIndex = 0; path = SaveEarthTests.xctest; sourceTree = BUILT_PRODUCTS_DIR; };
		A9067B9F2C2FA81100D13CA9 /* SaveEarthTests.swift */ = {isa = PBXFileReference; lastKnownFileType = sourcecode.swift; path = SaveEarthTests.swift; sourceTree = "<group>"; };
		A9067BA52C2FA81100D13CA9 /* SaveEarthUITests.xctest */ = {isa = PBXFileReference; explicitFileType = wrapper.cfbundle; includeInIndex = 0; path = SaveEarthUITests.xctest; sourceTree = BUILT_PRODUCTS_DIR; };
		A9067BA92C2FA81100D13CA9 /* SaveEarthUITests.swift */ = {isa = PBXFileReference; lastKnownFileType = sourcecode.swift; path = SaveEarthUITests.swift; sourceTree = "<group>"; };
		A9067BAB2C2FA81100D13CA9 /* SaveEarthUITestsLaunchTests.swift */ = {isa = PBXFileReference; lastKnownFileType = sourcecode.swift; path = SaveEarthUITestsLaunchTests.swift; sourceTree = "<group>"; };
		A9067BC92C2FEA8700D13CA9 /* TemperatureGradient.swift */ = {isa = PBXFileReference; lastKnownFileType = sourcecode.swift; path = TemperatureGradient.swift; sourceTree = "<group>"; };
		A9067BCB2C2FF1D100D13CA9 /* SaveEarth.entitlements */ = {isa = PBXFileReference; lastKnownFileType = text.plist.entitlements; path = SaveEarth.entitlements; sourceTree = "<group>"; };
		DA5A5EDC2C2FBB4D00955A9A /* MapView.swift */ = {isa = PBXFileReference; lastKnownFileType = sourcecode.swift; path = MapView.swift; sourceTree = "<group>"; };
		DA5A5EDE2C2FBC2500955A9A /* ChartView.swift */ = {isa = PBXFileReference; lastKnownFileType = sourcecode.swift; path = ChartView.swift; sourceTree = "<group>"; };
		DA5A8DE62C2FCCCD00019D61 /* PolarMapProjection.swift */ = {isa = PBXFileReference; lastKnownFileType = sourcecode.swift; path = PolarMapProjection.swift; sourceTree = "<group>"; };
		DA5A8DE82C2FCD1300019D61 /* DataPoint.swift */ = {isa = PBXFileReference; lastKnownFileType = sourcecode.swift; path = DataPoint.swift; sourceTree = "<group>"; };
		DAD0E0682C2FF3AC0022466D /* QuestModalView.swift */ = {isa = PBXFileReference; lastKnownFileType = sourcecode.swift; path = QuestModalView.swift; sourceTree = "<group>"; };
		DAD0E0692C2FF3AC0022466D /* QuestView.swift */ = {isa = PBXFileReference; lastKnownFileType = sourcecode.swift; path = QuestView.swift; sourceTree = "<group>"; };
		DAD0E06D2C2FF4340022466D /* QuestFloatingButton.swift */ = {isa = PBXFileReference; lastKnownFileType = sourcecode.swift; path = QuestFloatingButton.swift; sourceTree = "<group>"; };
		DAD0E0712C2FF8C90022466D /* ButtonAppearingTransition.swift */ = {isa = PBXFileReference; lastKnownFileType = sourcecode.swift; path = ButtonAppearingTransition.swift; sourceTree = "<group>"; };
		DAD0E0732C2FFB2C0022466D /* CompleteQuestView.swift */ = {isa = PBXFileReference; lastKnownFileType = sourcecode.swift; path = CompleteQuestView.swift; sourceTree = "<group>"; };
		DAD0E0752C2FFB6A0022466D /* CompleteRotatingTransition.swift */ = {isa = PBXFileReference; lastKnownFileType = sourcecode.swift; path = CompleteRotatingTransition.swift; sourceTree = "<group>"; };
/* End PBXFileReference section */

/* Begin PBXFrameworksBuildPhase section */
		A9067B862C2FA80F00D13CA9 /* Frameworks */ = {
			isa = PBXFrameworksBuildPhase;
			buildActionMask = 2147483647;
			files = (
			);
			runOnlyForDeploymentPostprocessing = 0;
		};
		A9067B982C2FA81100D13CA9 /* Frameworks */ = {
			isa = PBXFrameworksBuildPhase;
			buildActionMask = 2147483647;
			files = (
			);
			runOnlyForDeploymentPostprocessing = 0;
		};
		A9067BA22C2FA81100D13CA9 /* Frameworks */ = {
			isa = PBXFrameworksBuildPhase;
			buildActionMask = 2147483647;
			files = (
			);
			runOnlyForDeploymentPostprocessing = 0;
		};
/* End PBXFrameworksBuildPhase section */

/* Begin PBXGroup section */
		2CAC03442C2FE7D500CC47C6 /* Model */ = {
			isa = PBXGroup;
			children = (
				2CAC03422C2FE59A00CC47C6 /* TemperatureData.swift */,
			);
			path = Model;
			sourceTree = "<group>";
		};
		2CAC03452C2FE7E100CC47C6 /* Data */ = {
			isa = PBXGroup;
			children = (
				2CAC03402C2FC12600CC47C6 /* AppLocation.swift */,
			);
			path = Data;
			sourceTree = "<group>";
		};
		A59CE1372C2FFD5D00038D84 /* SwiftData */ = {
			isa = PBXGroup;
			children = (
				A59CE1382C2FFD6B00038D84 /* DayInfo.swift */,
				A59CE13A2C2FFE5200038D84 /* SwiftDataManager.swift */,
			);
			path = SwiftData;
			sourceTree = "<group>";
		};
		A9067B802C2FA80F00D13CA9 = {
			isa = PBXGroup;
			children = (
				A9067B8B2C2FA80F00D13CA9 /* SaveEarth */,
				A9067B9E2C2FA81100D13CA9 /* SaveEarthTests */,
				A9067BA82C2FA81100D13CA9 /* SaveEarthUITests */,
				A9067B8A2C2FA80F00D13CA9 /* Products */,
			);
			sourceTree = "<group>";
		};
		A9067B8A2C2FA80F00D13CA9 /* Products */ = {
			isa = PBXGroup;
			children = (
				A9067B892C2FA80F00D13CA9 /* SaveEarth.app */,
				A9067B9B2C2FA81100D13CA9 /* SaveEarthTests.xctest */,
				A9067BA52C2FA81100D13CA9 /* SaveEarthUITests.xctest */,
			);
			name = Products;
			sourceTree = "<group>";
		};
		A9067B8B2C2FA80F00D13CA9 /* SaveEarth */ = {
			isa = PBXGroup;
			children = (
				A9067BCB2C2FF1D100D13CA9 /* SaveEarth.entitlements */,
				DAD0E06A2C2FF3AC0022466D /* Quests */,
				DA5A5EDB2C2FBB4300955A9A /* Map */,
				DA5A5ECB2C2FB8D800955A9A /* Util */,
				A59CE1372C2FFD5D00038D84 /* SwiftData */,
				DA5A5ECA2C2FB8CF00955A9A /* Weather */,
				DA5A5EC92C2FB8C800955A9A /* Chart */,
				A9067B8C2C2FA80F00D13CA9 /* SaveEarthApp.swift */,
				A9067B8E2C2FA80F00D13CA9 /* ContentView.swift */,
				A9067BC92C2FEA8700D13CA9 /* TemperatureGradient.swift */,
				A9067B922C2FA81100D13CA9 /* Assets.xcassets */,
				A9067B942C2FA81100D13CA9 /* Preview Content */,
			);
			path = SaveEarth;
			sourceTree = "<group>";
		};
		A9067B942C2FA81100D13CA9 /* Preview Content */ = {
			isa = PBXGroup;
			children = (
				A9067B952C2FA81100D13CA9 /* Preview Assets.xcassets */,
			);
			path = "Preview Content";
			sourceTree = "<group>";
		};
		A9067B9E2C2FA81100D13CA9 /* SaveEarthTests */ = {
			isa = PBXGroup;
			children = (
				A9067B9F2C2FA81100D13CA9 /* SaveEarthTests.swift */,
			);
			path = SaveEarthTests;
			sourceTree = "<group>";
		};
		A9067BA82C2FA81100D13CA9 /* SaveEarthUITests */ = {
			isa = PBXGroup;
			children = (
				A9067BA92C2FA81100D13CA9 /* SaveEarthUITests.swift */,
				A9067BAB2C2FA81100D13CA9 /* SaveEarthUITestsLaunchTests.swift */,
			);
			path = SaveEarthUITests;
			sourceTree = "<group>";
		};
		DA5A5EC92C2FB8C800955A9A /* Chart */ = {
			isa = PBXGroup;
			children = (
				DA5A8DE42C2FCCB000019D61 /* Model */,
				DA5A5EDE2C2FBC2500955A9A /* ChartView.swift */,
			);
			path = Chart;
			sourceTree = "<group>";
		};
		DA5A5ECA2C2FB8CF00955A9A /* Weather */ = {
			isa = PBXGroup;
			children = (
				2CAC03452C2FE7E100CC47C6 /* Data */,
				2CAC03442C2FE7D500CC47C6 /* Model */,
				2CAC03462C2FE7FA00CC47C6 /* WeatherManager.swift */,
			);
			path = Weather;
			sourceTree = "<group>";
		};
		DA5A5ECB2C2FB8D800955A9A /* Util */ = {
			isa = PBXGroup;
			children = (
				DAD0E0702C2FF8B30022466D /* Transition */,
			);
			path = Util;
			sourceTree = "<group>";
		};
		DA5A5EDB2C2FBB4300955A9A /* Map */ = {
			isa = PBXGroup;
			children = (
				DA5A5EDC2C2FBB4D00955A9A /* MapView.swift */,
			);
			path = Map;
			sourceTree = "<group>";
		};
		DA5A8DE42C2FCCB000019D61 /* Model */ = {
			isa = PBXGroup;
			children = (
				DA5A8DE62C2FCCCD00019D61 /* PolarMapProjection.swift */,
				DA5A8DE82C2FCD1300019D61 /* DataPoint.swift */,
			);
			path = Model;
			sourceTree = "<group>";
		};
		DAD0E06A2C2FF3AC0022466D /* Quests */ = {
			isa = PBXGroup;
			children = (
				DAD0E0682C2FF3AC0022466D /* QuestModalView.swift */,
				DAD0E0692C2FF3AC0022466D /* QuestView.swift */,
				DAD0E06E2C2FF4340022466D /* UIComponents */,
			);
			path = Quests;
			sourceTree = "<group>";
		};
		DAD0E06E2C2FF4340022466D /* UIComponents */ = {
			isa = PBXGroup;
			children = (
				DAD0E06D2C2FF4340022466D /* QuestFloatingButton.swift */,
				DAD0E0732C2FFB2C0022466D /* CompleteQuestView.swift */,
			);
			path = UIComponents;
			sourceTree = "<group>";
		};
		DAD0E0702C2FF8B30022466D /* Transition */ = {
			isa = PBXGroup;
			children = (
				DAD0E0712C2FF8C90022466D /* ButtonAppearingTransition.swift */,
				DAD0E0752C2FFB6A0022466D /* CompleteRotatingTransition.swift */,
			);
			path = Transition;
			sourceTree = "<group>";
		};
/* End PBXGroup section */

/* Begin PBXNativeTarget section */
		A9067B882C2FA80F00D13CA9 /* SaveEarth */ = {
			isa = PBXNativeTarget;
			buildConfigurationList = A9067BAF2C2FA81100D13CA9 /* Build configuration list for PBXNativeTarget "SaveEarth" */;
			buildPhases = (
				A9067B852C2FA80F00D13CA9 /* Sources */,
				A9067B862C2FA80F00D13CA9 /* Frameworks */,
				A9067B872C2FA80F00D13CA9 /* Resources */,
			);
			buildRules = (
			);
			dependencies = (
			);
			name = SaveEarth;
			productName = SaveEarth;
			productReference = A9067B892C2FA80F00D13CA9 /* SaveEarth.app */;
			productType = "com.apple.product-type.application";
		};
		A9067B9A2C2FA81100D13CA9 /* SaveEarthTests */ = {
			isa = PBXNativeTarget;
			buildConfigurationList = A9067BB22C2FA81100D13CA9 /* Build configuration list for PBXNativeTarget "SaveEarthTests" */;
			buildPhases = (
				A9067B972C2FA81100D13CA9 /* Sources */,
				A9067B982C2FA81100D13CA9 /* Frameworks */,
				A9067B992C2FA81100D13CA9 /* Resources */,
			);
			buildRules = (
			);
			dependencies = (
				A9067B9D2C2FA81100D13CA9 /* PBXTargetDependency */,
			);
			name = SaveEarthTests;
			productName = SaveEarthTests;
			productReference = A9067B9B2C2FA81100D13CA9 /* SaveEarthTests.xctest */;
			productType = "com.apple.product-type.bundle.unit-test";
		};
		A9067BA42C2FA81100D13CA9 /* SaveEarthUITests */ = {
			isa = PBXNativeTarget;
			buildConfigurationList = A9067BB52C2FA81100D13CA9 /* Build configuration list for PBXNativeTarget "SaveEarthUITests" */;
			buildPhases = (
				A9067BA12C2FA81100D13CA9 /* Sources */,
				A9067BA22C2FA81100D13CA9 /* Frameworks */,
				A9067BA32C2FA81100D13CA9 /* Resources */,
			);
			buildRules = (
			);
			dependencies = (
				A9067BA72C2FA81100D13CA9 /* PBXTargetDependency */,
			);
			name = SaveEarthUITests;
			productName = SaveEarthUITests;
			productReference = A9067BA52C2FA81100D13CA9 /* SaveEarthUITests.xctest */;
			productType = "com.apple.product-type.bundle.ui-testing";
		};
/* End PBXNativeTarget section */

/* Begin PBXProject section */
		A9067B812C2FA80F00D13CA9 /* Project object */ = {
			isa = PBXProject;
			attributes = {
				BuildIndependentTargetsInParallel = 1;
				LastSwiftUpdateCheck = 1600;
				LastUpgradeCheck = 1600;
				TargetAttributes = {
					A9067B882C2FA80F00D13CA9 = {
						CreatedOnToolsVersion = 16.0;
					};
					A9067B9A2C2FA81100D13CA9 = {
						CreatedOnToolsVersion = 16.0;
						TestTargetID = A9067B882C2FA80F00D13CA9;
					};
					A9067BA42C2FA81100D13CA9 = {
						CreatedOnToolsVersion = 16.0;
						TestTargetID = A9067B882C2FA80F00D13CA9;
					};
				};
			};
			buildConfigurationList = A9067B842C2FA80F00D13CA9 /* Build configuration list for PBXProject "SaveEarth" */;
			compatibilityVersion = "Xcode 15.0";
			developmentRegion = en;
			hasScannedForEncodings = 0;
			knownRegions = (
				en,
				Base,
			);
			mainGroup = A9067B802C2FA80F00D13CA9;
			productRefGroup = A9067B8A2C2FA80F00D13CA9 /* Products */;
			projectDirPath = "";
			projectRoot = "";
			targets = (
				A9067B882C2FA80F00D13CA9 /* SaveEarth */,
				A9067B9A2C2FA81100D13CA9 /* SaveEarthTests */,
				A9067BA42C2FA81100D13CA9 /* SaveEarthUITests */,
			);
		};
/* End PBXProject section */

/* Begin PBXResourcesBuildPhase section */
		A9067B872C2FA80F00D13CA9 /* Resources */ = {
			isa = PBXResourcesBuildPhase;
			buildActionMask = 2147483647;
			files = (
				A9067B962C2FA81100D13CA9 /* Preview Assets.xcassets in Resources */,
				A9067B932C2FA81100D13CA9 /* Assets.xcassets in Resources */,
			);
			runOnlyForDeploymentPostprocessing = 0;
		};
		A9067B992C2FA81100D13CA9 /* Resources */ = {
			isa = PBXResourcesBuildPhase;
			buildActionMask = 2147483647;
			files = (
			);
			runOnlyForDeploymentPostprocessing = 0;
		};
		A9067BA32C2FA81100D13CA9 /* Resources */ = {
			isa = PBXResourcesBuildPhase;
			buildActionMask = 2147483647;
			files = (
			);
			runOnlyForDeploymentPostprocessing = 0;
		};
/* End PBXResourcesBuildPhase section */

/* Begin PBXSourcesBuildPhase section */
		A9067B852C2FA80F00D13CA9 /* Sources */ = {
			isa = PBXSourcesBuildPhase;
			buildActionMask = 2147483647;
			files = (
				DAD0E0762C2FFB6A0022466D /* CompleteRotatingTransition.swift in Sources */,
				DA5A8DE92C2FCD1300019D61 /* DataPoint.swift in Sources */,
				A9067B8F2C2FA80F00D13CA9 /* ContentView.swift in Sources */,
				A9067B8D2C2FA80F00D13CA9 /* SaveEarthApp.swift in Sources */,
				DA5A8DE72C2FCCCD00019D61 /* PolarMapProjection.swift in Sources */,
				DAD0E06B2C2FF3AC0022466D /* QuestModalView.swift in Sources */,
				DAD0E06C2C2FF3AC0022466D /* QuestView.swift in Sources */,
				A59CE13B2C2FFE5200038D84 /* SwiftDataManager.swift in Sources */,
				DAD0E06F2C2FF4340022466D /* QuestFloatingButton.swift in Sources */,
				A9067BCA2C2FEA8700D13CA9 /* TemperatureGradient.swift in Sources */,
				A59CE1392C2FFD6B00038D84 /* DayInfo.swift in Sources */,
				DAD0E0722C2FF8C90022466D /* ButtonAppearingTransition.swift in Sources */,
				2CAC03432C2FE59A00CC47C6 /* TemperatureData.swift in Sources */,
				2CAC03472C2FE7FA00CC47C6 /* WeatherManager.swift in Sources */,
				DA5A5EDD2C2FBB4D00955A9A /* MapView.swift in Sources */,
				DA5A5EDF2C2FBC2500955A9A /* ChartView.swift in Sources */,
			);
			runOnlyForDeploymentPostprocessing = 0;
		};
		A9067B972C2FA81100D13CA9 /* Sources */ = {
			isa = PBXSourcesBuildPhase;
			buildActionMask = 2147483647;
			files = (
				A9067BA02C2FA81100D13CA9 /* SaveEarthTests.swift in Sources */,
			);
			runOnlyForDeploymentPostprocessing = 0;
		};
		A9067BA12C2FA81100D13CA9 /* Sources */ = {
			isa = PBXSourcesBuildPhase;
			buildActionMask = 2147483647;
			files = (
				A9067BAC2C2FA81100D13CA9 /* SaveEarthUITestsLaunchTests.swift in Sources */,
				A9067BAA2C2FA81100D13CA9 /* SaveEarthUITests.swift in Sources */,
			);
			runOnlyForDeploymentPostprocessing = 0;
		};
/* End PBXSourcesBuildPhase section */

/* Begin PBXTargetDependency section */
		A9067B9D2C2FA81100D13CA9 /* PBXTargetDependency */ = {
			isa = PBXTargetDependency;
			target = A9067B882C2FA80F00D13CA9 /* SaveEarth */;
			targetProxy = A9067B9C2C2FA81100D13CA9 /* PBXContainerItemProxy */;
		};
		A9067BA72C2FA81100D13CA9 /* PBXTargetDependency */ = {
			isa = PBXTargetDependency;
			target = A9067B882C2FA80F00D13CA9 /* SaveEarth */;
			targetProxy = A9067BA62C2FA81100D13CA9 /* PBXContainerItemProxy */;
		};
/* End PBXTargetDependency section */

/* Begin XCBuildConfiguration section */
		A9067BAD2C2FA81100D13CA9 /* Debug */ = {
			isa = XCBuildConfiguration;
			buildSettings = {
				ALWAYS_SEARCH_USER_PATHS = NO;
				ASSETCATALOG_COMPILER_GENERATE_SWIFT_ASSET_SYMBOL_EXTENSIONS = YES;
				CLANG_ANALYZER_NONNULL = YES;
				CLANG_ANALYZER_NUMBER_OBJECT_CONVERSION = YES_AGGRESSIVE;
				CLANG_CXX_LANGUAGE_STANDARD = "gnu++20";
				CLANG_ENABLE_MODULES = YES;
				CLANG_ENABLE_OBJC_ARC = YES;
				CLANG_ENABLE_OBJC_WEAK = YES;
				CLANG_WARN_BLOCK_CAPTURE_AUTORELEASING = YES;
				CLANG_WARN_BOOL_CONVERSION = YES;
				CLANG_WARN_COMMA = YES;
				CLANG_WARN_CONSTANT_CONVERSION = YES;
				CLANG_WARN_DEPRECATED_OBJC_IMPLEMENTATIONS = YES;
				CLANG_WARN_DIRECT_OBJC_ISA_USAGE = YES_ERROR;
				CLANG_WARN_DOCUMENTATION_COMMENTS = YES;
				CLANG_WARN_EMPTY_BODY = YES;
				CLANG_WARN_ENUM_CONVERSION = YES;
				CLANG_WARN_INFINITE_RECURSION = YES;
				CLANG_WARN_INT_CONVERSION = YES;
				CLANG_WARN_NON_LITERAL_NULL_CONVERSION = YES;
				CLANG_WARN_OBJC_IMPLICIT_RETAIN_SELF = YES;
				CLANG_WARN_OBJC_LITERAL_CONVERSION = YES;
				CLANG_WARN_OBJC_ROOT_CLASS = YES_ERROR;
				CLANG_WARN_QUOTED_INCLUDE_IN_FRAMEWORK_HEADER = YES;
				CLANG_WARN_RANGE_LOOP_ANALYSIS = YES;
				CLANG_WARN_STRICT_PROTOTYPES = YES;
				CLANG_WARN_SUSPICIOUS_MOVE = YES;
				CLANG_WARN_UNGUARDED_AVAILABILITY = YES_AGGRESSIVE;
				CLANG_WARN_UNREACHABLE_CODE = YES;
				CLANG_WARN__DUPLICATE_METHOD_MATCH = YES;
				COPY_PHASE_STRIP = NO;
				DEBUG_INFORMATION_FORMAT = dwarf;
				ENABLE_STRICT_OBJC_MSGSEND = YES;
				ENABLE_TESTABILITY = YES;
				ENABLE_USER_SCRIPT_SANDBOXING = YES;
				GCC_C_LANGUAGE_STANDARD = gnu17;
				GCC_DYNAMIC_NO_PIC = NO;
				GCC_NO_COMMON_BLOCKS = YES;
				GCC_OPTIMIZATION_LEVEL = 0;
				GCC_PREPROCESSOR_DEFINITIONS = (
					"DEBUG=1",
					"$(inherited)",
				);
				GCC_WARN_64_TO_32_BIT_CONVERSION = YES;
				GCC_WARN_ABOUT_RETURN_TYPE = YES_ERROR;
				GCC_WARN_UNDECLARED_SELECTOR = YES;
				GCC_WARN_UNINITIALIZED_AUTOS = YES_AGGRESSIVE;
				GCC_WARN_UNUSED_FUNCTION = YES;
				GCC_WARN_UNUSED_VARIABLE = YES;
				IPHONEOS_DEPLOYMENT_TARGET = 18.0;
				LOCALIZATION_PREFERS_STRING_CATALOGS = YES;
				MTL_ENABLE_DEBUG_INFO = INCLUDE_SOURCE;
				MTL_FAST_MATH = YES;
				ONLY_ACTIVE_ARCH = YES;
				SDKROOT = iphoneos;
				SWIFT_ACTIVE_COMPILATION_CONDITIONS = "DEBUG $(inherited)";
				SWIFT_OPTIMIZATION_LEVEL = "-Onone";
			};
			name = Debug;
		};
		A9067BAE2C2FA81100D13CA9 /* Release */ = {
			isa = XCBuildConfiguration;
			buildSettings = {
				ALWAYS_SEARCH_USER_PATHS = NO;
				ASSETCATALOG_COMPILER_GENERATE_SWIFT_ASSET_SYMBOL_EXTENSIONS = YES;
				CLANG_ANALYZER_NONNULL = YES;
				CLANG_ANALYZER_NUMBER_OBJECT_CONVERSION = YES_AGGRESSIVE;
				CLANG_CXX_LANGUAGE_STANDARD = "gnu++20";
				CLANG_ENABLE_MODULES = YES;
				CLANG_ENABLE_OBJC_ARC = YES;
				CLANG_ENABLE_OBJC_WEAK = YES;
				CLANG_WARN_BLOCK_CAPTURE_AUTORELEASING = YES;
				CLANG_WARN_BOOL_CONVERSION = YES;
				CLANG_WARN_COMMA = YES;
				CLANG_WARN_CONSTANT_CONVERSION = YES;
				CLANG_WARN_DEPRECATED_OBJC_IMPLEMENTATIONS = YES;
				CLANG_WARN_DIRECT_OBJC_ISA_USAGE = YES_ERROR;
				CLANG_WARN_DOCUMENTATION_COMMENTS = YES;
				CLANG_WARN_EMPTY_BODY = YES;
				CLANG_WARN_ENUM_CONVERSION = YES;
				CLANG_WARN_INFINITE_RECURSION = YES;
				CLANG_WARN_INT_CONVERSION = YES;
				CLANG_WARN_NON_LITERAL_NULL_CONVERSION = YES;
				CLANG_WARN_OBJC_IMPLICIT_RETAIN_SELF = YES;
				CLANG_WARN_OBJC_LITERAL_CONVERSION = YES;
				CLANG_WARN_OBJC_ROOT_CLASS = YES_ERROR;
				CLANG_WARN_QUOTED_INCLUDE_IN_FRAMEWORK_HEADER = YES;
				CLANG_WARN_RANGE_LOOP_ANALYSIS = YES;
				CLANG_WARN_STRICT_PROTOTYPES = YES;
				CLANG_WARN_SUSPICIOUS_MOVE = YES;
				CLANG_WARN_UNGUARDED_AVAILABILITY = YES_AGGRESSIVE;
				CLANG_WARN_UNREACHABLE_CODE = YES;
				CLANG_WARN__DUPLICATE_METHOD_MATCH = YES;
				COPY_PHASE_STRIP = NO;
				DEBUG_INFORMATION_FORMAT = "dwarf-with-dsym";
				ENABLE_NS_ASSERTIONS = NO;
				ENABLE_STRICT_OBJC_MSGSEND = YES;
				ENABLE_USER_SCRIPT_SANDBOXING = YES;
				GCC_C_LANGUAGE_STANDARD = gnu17;
				GCC_NO_COMMON_BLOCKS = YES;
				GCC_WARN_64_TO_32_BIT_CONVERSION = YES;
				GCC_WARN_ABOUT_RETURN_TYPE = YES_ERROR;
				GCC_WARN_UNDECLARED_SELECTOR = YES;
				GCC_WARN_UNINITIALIZED_AUTOS = YES_AGGRESSIVE;
				GCC_WARN_UNUSED_FUNCTION = YES;
				GCC_WARN_UNUSED_VARIABLE = YES;
				IPHONEOS_DEPLOYMENT_TARGET = 18.0;
				LOCALIZATION_PREFERS_STRING_CATALOGS = YES;
				MTL_ENABLE_DEBUG_INFO = NO;
				MTL_FAST_MATH = YES;
				SDKROOT = iphoneos;
				SWIFT_COMPILATION_MODE = wholemodule;
				VALIDATE_PRODUCT = YES;
			};
			name = Release;
		};
		A9067BB02C2FA81100D13CA9 /* Debug */ = {
			isa = XCBuildConfiguration;
			buildSettings = {
				ASSETCATALOG_COMPILER_APPICON_NAME = AppIcon;
				ASSETCATALOG_COMPILER_GLOBAL_ACCENT_COLOR_NAME = AccentColor;
				CODE_SIGN_ENTITLEMENTS = SaveEarth/SaveEarth.entitlements;
				CODE_SIGN_STYLE = Automatic;
				CURRENT_PROJECT_VERSION = 1;
				DEVELOPMENT_ASSET_PATHS = "\"SaveEarth/Preview Content\"";
				ENABLE_PREVIEWS = YES;
				GENERATE_INFOPLIST_FILE = YES;
				INFOPLIST_KEY_UIApplicationSceneManifest_Generation = YES;
				INFOPLIST_KEY_UIApplicationSupportsIndirectInputEvents = YES;
				INFOPLIST_KEY_UILaunchScreen_Generation = YES;
				INFOPLIST_KEY_UISupportedInterfaceOrientations_iPad = "UIInterfaceOrientationPortrait UIInterfaceOrientationPortraitUpsideDown UIInterfaceOrientationLandscapeLeft UIInterfaceOrientationLandscapeRight";
				INFOPLIST_KEY_UISupportedInterfaceOrientations_iPhone = "UIInterfaceOrientationPortrait UIInterfaceOrientationLandscapeLeft UIInterfaceOrientationLandscapeRight";
				LD_RUNPATH_SEARCH_PATHS = (
					"$(inherited)",
					"@executable_path/Frameworks",
				);
				MARKETING_VERSION = 1.0;
				PRODUCT_BUNDLE_IDENTIFIER = com.letusgo.saveus.saveearth;
				PRODUCT_NAME = "$(TARGET_NAME)";
				SWIFT_EMIT_LOC_STRINGS = YES;
				SWIFT_VERSION = 5.0;
				TARGETED_DEVICE_FAMILY = "1,2";
			};
			name = Debug;
		};
		A9067BB12C2FA81100D13CA9 /* Release */ = {
			isa = XCBuildConfiguration;
			buildSettings = {
				ASSETCATALOG_COMPILER_APPICON_NAME = AppIcon;
				ASSETCATALOG_COMPILER_GLOBAL_ACCENT_COLOR_NAME = AccentColor;
				CODE_SIGN_ENTITLEMENTS = SaveEarth/SaveEarth.entitlements;
				CODE_SIGN_STYLE = Automatic;
				CURRENT_PROJECT_VERSION = 1;
				DEVELOPMENT_ASSET_PATHS = "\"SaveEarth/Preview Content\"";
				ENABLE_PREVIEWS = YES;
				GENERATE_INFOPLIST_FILE = YES;
				INFOPLIST_KEY_UIApplicationSceneManifest_Generation = YES;
				INFOPLIST_KEY_UIApplicationSupportsIndirectInputEvents = YES;
				INFOPLIST_KEY_UILaunchScreen_Generation = YES;
				INFOPLIST_KEY_UISupportedInterfaceOrientations_iPad = "UIInterfaceOrientationPortrait UIInterfaceOrientationPortraitUpsideDown UIInterfaceOrientationLandscapeLeft UIInterfaceOrientationLandscapeRight";
				INFOPLIST_KEY_UISupportedInterfaceOrientations_iPhone = "UIInterfaceOrientationPortrait UIInterfaceOrientationLandscapeLeft UIInterfaceOrientationLandscapeRight";
				LD_RUNPATH_SEARCH_PATHS = (
					"$(inherited)",
					"@executable_path/Frameworks",
				);
				MARKETING_VERSION = 1.0;
				PRODUCT_BUNDLE_IDENTIFIER = com.letusgo.saveus.saveearth;
				PRODUCT_NAME = "$(TARGET_NAME)";
				SWIFT_EMIT_LOC_STRINGS = YES;
				SWIFT_VERSION = 5.0;
				TARGETED_DEVICE_FAMILY = "1,2";
			};
			name = Release;
		};
		A9067BB32C2FA81100D13CA9 /* Debug */ = {
			isa = XCBuildConfiguration;
			buildSettings = {
				BUNDLE_LOADER = "$(TEST_HOST)";
				CODE_SIGN_STYLE = Automatic;
				CURRENT_PROJECT_VERSION = 1;
				GENERATE_INFOPLIST_FILE = YES;
				IPHONEOS_DEPLOYMENT_TARGET = 18.0;
				MARKETING_VERSION = 1.0;
				PRODUCT_BUNDLE_IDENTIFIER = com.saveus.SaveEarthTests;
				PRODUCT_NAME = "$(TARGET_NAME)";
				SWIFT_EMIT_LOC_STRINGS = NO;
				SWIFT_VERSION = 5.0;
				TARGETED_DEVICE_FAMILY = "1,2";
				TEST_HOST = "$(BUILT_PRODUCTS_DIR)/SaveEarth.app/$(BUNDLE_EXECUTABLE_FOLDER_PATH)/SaveEarth";
			};
			name = Debug;
		};
		A9067BB42C2FA81100D13CA9 /* Release */ = {
			isa = XCBuildConfiguration;
			buildSettings = {
				BUNDLE_LOADER = "$(TEST_HOST)";
				CODE_SIGN_STYLE = Automatic;
				CURRENT_PROJECT_VERSION = 1;
				GENERATE_INFOPLIST_FILE = YES;
				IPHONEOS_DEPLOYMENT_TARGET = 18.0;
				MARKETING_VERSION = 1.0;
				PRODUCT_BUNDLE_IDENTIFIER = com.saveus.SaveEarthTests;
				PRODUCT_NAME = "$(TARGET_NAME)";
				SWIFT_EMIT_LOC_STRINGS = NO;
				SWIFT_VERSION = 5.0;
				TARGETED_DEVICE_FAMILY = "1,2";
				TEST_HOST = "$(BUILT_PRODUCTS_DIR)/SaveEarth.app/$(BUNDLE_EXECUTABLE_FOLDER_PATH)/SaveEarth";
			};
			name = Release;
		};
		A9067BB62C2FA81100D13CA9 /* Debug */ = {
			isa = XCBuildConfiguration;
			buildSettings = {
				CODE_SIGN_STYLE = Automatic;
				CURRENT_PROJECT_VERSION = 1;
				GENERATE_INFOPLIST_FILE = YES;
				MARKETING_VERSION = 1.0;
				PRODUCT_BUNDLE_IDENTIFIER = com.saveus.SaveEarthUITests;
				PRODUCT_NAME = "$(TARGET_NAME)";
				SWIFT_EMIT_LOC_STRINGS = NO;
				SWIFT_VERSION = 5.0;
				TARGETED_DEVICE_FAMILY = "1,2";
				TEST_TARGET_NAME = SaveEarth;
			};
			name = Debug;
		};
		A9067BB72C2FA81100D13CA9 /* Release */ = {
			isa = XCBuildConfiguration;
			buildSettings = {
				CODE_SIGN_STYLE = Automatic;
				CURRENT_PROJECT_VERSION = 1;
				GENERATE_INFOPLIST_FILE = YES;
				MARKETING_VERSION = 1.0;
				PRODUCT_BUNDLE_IDENTIFIER = com.saveus.SaveEarthUITests;
				PRODUCT_NAME = "$(TARGET_NAME)";
				SWIFT_EMIT_LOC_STRINGS = NO;
				SWIFT_VERSION = 5.0;
				TARGETED_DEVICE_FAMILY = "1,2";
				TEST_TARGET_NAME = SaveEarth;
			};
			name = Release;
		};
/* End XCBuildConfiguration section */

/* Begin XCConfigurationList section */
		A9067B842C2FA80F00D13CA9 /* Build configuration list for PBXProject "SaveEarth" */ = {
			isa = XCConfigurationList;
			buildConfigurations = (
				A9067BAD2C2FA81100D13CA9 /* Debug */,
				A9067BAE2C2FA81100D13CA9 /* Release */,
			);
			defaultConfigurationIsVisible = 0;
			defaultConfigurationName = Release;
		};
		A9067BAF2C2FA81100D13CA9 /* Build configuration list for PBXNativeTarget "SaveEarth" */ = {
			isa = XCConfigurationList;
			buildConfigurations = (
				A9067BB02C2FA81100D13CA9 /* Debug */,
				A9067BB12C2FA81100D13CA9 /* Release */,
			);
			defaultConfigurationIsVisible = 0;
			defaultConfigurationName = Release;
		};
		A9067BB22C2FA81100D13CA9 /* Build configuration list for PBXNativeTarget "SaveEarthTests" */ = {
			isa = XCConfigurationList;
			buildConfigurations = (
				A9067BB32C2FA81100D13CA9 /* Debug */,
				A9067BB42C2FA81100D13CA9 /* Release */,
			);
			defaultConfigurationIsVisible = 0;
			defaultConfigurationName = Release;
		};
		A9067BB52C2FA81100D13CA9 /* Build configuration list for PBXNativeTarget "SaveEarthUITests" */ = {
			isa = XCConfigurationList;
			buildConfigurations = (
				A9067BB62C2FA81100D13CA9 /* Debug */,
				A9067BB72C2FA81100D13CA9 /* Release */,
			);
			defaultConfigurationIsVisible = 0;
			defaultConfigurationName = Release;
		};
/* End XCConfigurationList section */
	};
	rootObject = A9067B812C2FA80F00D13CA9 /* Project object */;
}
